<?xml version="1.0" encoding="UTF-8" standalone="yes" ?>
<CodeBlocks_project_file>
	<FileVersion major="1" minor="6" />
	<Project>
		<Option title="consultorio-medico-MedIntegral" />
		<Option pch_mode="2" />
		<Option compiler="gcc" />
		<Build>
			<Target title="Debug">
				<Option output="bin/Debug/consultorio-medico-MedIntegral" prefix_auto="1" extension_auto="1" />
				<Option object_output="obj/Debug/" />
				<Option type="1" />
				<Option compiler="gcc" />
				<Compiler>
					<Add option="-g" />
				</Compiler>
			</Target>
			<Target title="Release">
				<Option output="bin/Release/consultorio-medico-MedIntegral" prefix_auto="1" extension_auto="1" />
				<Option object_output="obj/Release/" />
				<Option type="1" />
				<Option compiler="gcc" />
				<Compiler>
					<Add option="-O2" />
				</Compiler>
				<Linker>
					<Add option="-s" />
				</Linker>
			</Target>
		</Build>
		<Compiler>
			<Add option="-Wall" />
			<Add option="-fexceptions" />
		</Compiler>
		<Unit filename="Configuracion.cpp" />
		<Unit filename="Configuracion.h" />
		<Unit filename="Especialidad.cpp" />
		<Unit filename="Especialidad.h" />
		<Unit filename="EspecialidadArchivo.cpp" />
		<Unit filename="EspecialidadArchivo.h" />
		<Unit filename="EspecialidadManager.cpp" />
		<Unit filename="EspecialidadManager.h" />
		<Unit filename="FechaHora.cpp" />
		<Unit filename="FechaHora.h" />
		<Unit filename="Medico.cpp" />
		<Unit filename="Medico.h" />
		<Unit filename="MedicoArchivo.cpp" />
		<Unit filename="MedicoArchivo.h" />
		<Unit filename="MedicoManager.cpp" />
		<Unit filename="MedicoManager.h" />
		<Unit filename="Menu.cpp" />
		<Unit filename="Menu.h" />
		<Unit filename="ObraSocial.cpp" />
		<Unit filename="ObraSocial.h" />
		<Unit filename="ObraSocialArchivo.cpp" />
		<Unit filename="ObraSocialArchivo.h" />
		<Unit filename="ObraSocialManager.cpp" />
		<Unit filename="ObraSocialManager.h" />
		<Unit filename="Paciente.cpp" />
		<Unit filename="Paciente.h" />
		<Unit filename="PacienteArchivo.cpp" />
		<Unit filename="PacienteArchivo.h" />
		<Unit filename="PacienteManager.cpp" />
		<Unit filename="PacienteManager.h" />
		<Unit filename="Persona.cpp" />
		<Unit filename="Persona.h" />
		<Unit filename="Reportes.cpp" />
		<Unit filename="Reportes.h" />
		<Unit filename="Turno.cpp" />
		<Unit filename="Turno.h" />
		<Unit filename="TurnoArchivo.cpp" />
		<Unit filename="TurnoArchivo.h" />
		<Unit filename="TurnoManager.cpp" />
		<Unit filename="TurnoManager.h" />
		<Unit filename="main.cpp" />
		<Extensions />
	</Project>
</CodeBlocks_project_file>
